
Microsoft Visual Studio Solution File, Format Version 12.00
# Visual Studio 14
VisualStudioVersion = 14.0.24720.0
MinimumVisualStudioVersion = 10.0.40219.1
Project("{FAE04EC0-301F-11D3-BF4B-00C04F79EFBC}") = "AconteceAngola.Models", "AconteceAngola.Models\AconteceAngola.Models.csproj", "{9DA19333-E187-4D0F-ACD6-01B112C95013}"
EndProject
Project("{FAE04EC0-301F-11D3-BF4B-00C04F79EFBC}") = "AconteceAngola.Data", "AconteceAngola.Data\AconteceAngola.Data.csproj", "{62AAC0D9-0EBE-45E1-BF1A-50E3FD275671}"
EndProject
Project("{FAE04EC0-301F-11D3-BF4B-00C04F79EFBC}") = "AconteceAngola.Web", "AconteceAngola.Web\AconteceAngola.Web.csproj", "{B7C0FBE6-16A2-4FD8-848D-9EF6F3A5FE92}"
EndProject
Global
	GlobalSection(SolutionConfigurationPlatforms) = preSolution
		Debug|Any CPU = Debug|Any CPU
		Release|Any CPU = Release|Any CPU
	EndGlobalSection
	GlobalSection(ProjectConfigurationPlatforms) = postSolution
		{9DA19333-E187-4D0F-ACD6-01B112C95013}.Debug|Any CPU.ActiveCfg = Debug|Any CPU
		{9DA19333-E187-4D0F-ACD6-01B112C95013}.Debug|Any CPU.Build.0 = Debug|Any CPU
		{9DA19333-E187-4D0F-ACD6-01B112C95013}.Release|Any CPU.ActiveCfg = Release|Any CPU
		{9DA19333-E187-4D0F-ACD6-01B112C95013}.Release|Any CPU.Build.0 = Release|Any CPU
		{62AAC0D9-0EBE-45E1-BF1A-50E3FD275671}.Debug|Any CPU.ActiveCfg = Debug|Any CPU
		{62AAC0D9-0EBE-45E1-BF1A-50E3FD275671}.Debug|Any CPU.Build.0 = Debug|Any CPU
		{62AAC0D9-0EBE-45E1-BF1A-50E3FD275671}.Release|Any CPU.ActiveCfg = Release|Any CPU
		{62AAC0D9-0EBE-45E1-BF1A-50E3FD275671}.Release|Any CPU.Build.0 = Release|Any CPU
		{B7C0FBE6-16A2-4FD8-848D-9EF6F3A5FE92}.Debug|Any CPU.ActiveCfg = Debug|Any CPU
		{B7C0FBE6-16A2-4FD8-848D-9EF6F3A5FE92}.Debug|Any CPU.Build.0 = Debug|Any CPU
		{B7C0FBE6-16A2-4FD8-848D-9EF6F3A5FE92}.Release|Any CPU.ActiveCfg = Release|Any CPU
		{B7C0FBE6-16A2-4FD8-848D-9EF6F3A5FE92}.Release|Any CPU.Build.0 = Release|Any CPU
	EndGlobalSection
	GlobalSection(SolutionProperties) = preSolution
		HideSolutionNode = FALSE
	EndGlobalSection
EndGlobal
